
Microsoft Visual Studio Solution File, Format Version 12.00
# Visual Studio 2012
Project("{FAE04EC0-301F-11D3-BF4B-00C04F79EFBC}") = "Phoneword_Droid", "Phoneword_Droid\Phoneword_Droid.csproj", "{7D7A4320-47F8-4352-80ED-49DBE15CFEC4}"
EndProject
Global
	GlobalSection(SolutionConfigurationPlatforms) = preSolution
		Debug|Any CPU = Debug|Any CPU
		Release|Any CPU = Release|Any CPU
	EndGlobalSection
	GlobalSection(ProjectConfigurationPlatforms) = postSolution
		{7D7A4320-47F8-4352-80ED-49DBE15CFEC4}.Debug|Any CPU.ActiveCfg = Debug|Any CPU
		{7D7A4320-47F8-4352-80ED-49DBE15CFEC4}.Debug|Any CPU.Build.0 = Debug|Any CPU
		{7D7A4320-47F8-4352-80ED-49DBE15CFEC4}.Release|Any CPU.ActiveCfg = Release|Any CPU
		{7D7A4320-47F8-4352-80ED-49DBE15CFEC4}.Release|Any CPU.Build.0 = Release|Any CPU
	EndGlobalSection
	GlobalSection(MonoDevelopProperties) = preSolution
		StartupItem = Phoneword_Droid\Phoneword_Droid.csproj
	EndGlobalSection
EndGlobal
